// !$*UTF8*$!
{
	archiveVersion = 1;
	classes = {
	};
	objectVersion = 50;
	objects = {

/* Begin PBXBuildFile section */
		1189BBDC24EC94B80093E14C /* EmojiMemoryGame.swift in Sources */ = {isa = PBXBuildFile; fileRef = 1189BBDB24EC94B80093E14C /* EmojiMemoryGame.swift */; };
		1189BBE524EC9B330093E14C /* Array+Identifiable.swift in Sources */ = {isa = PBXBuildFile; fileRef = 1189BBE424EC9B330093E14C /* Array+Identifiable.swift */; };
		1189BBE724EC9F200093E14C /* Array+Only.swift in Sources */ = {isa = PBXBuildFile; fileRef = 1189BBE624EC9F200093E14C /* Array+Only.swift */; };
		1189BBE924ECA27A0093E14C /* GridLayoutView.swift in Sources */ = {isa = PBXBuildFile; fileRef = 1189BBE824ECA27A0093E14C /* GridLayoutView.swift */; };
		1189BBEB24ECA2960093E14C /* GridView.swift in Sources */ = {isa = PBXBuildFile; fileRef = 1189BBEA24ECA2960093E14C /* GridView.swift */; };
		1189BBED24ECA6510093E14C /* MemorizeConstants.swift in Sources */ = {isa = PBXBuildFile; fileRef = 1189BBEC24ECA6510093E14C /* MemorizeConstants.swift */; };
		11A4E49B24EB3477001A08DE /* AppDelegate.swift in Sources */ = {isa = PBXBuildFile; fileRef = 11A4E49A24EB3477001A08DE /* AppDelegate.swift */; };
		11A4E49D24EB3477001A08DE /* SceneDelegate.swift in Sources */ = {isa = PBXBuildFile; fileRef = 11A4E49C24EB3477001A08DE /* SceneDelegate.swift */; };
		11A4E49F24EB3477001A08DE /* GameView.swift in Sources */ = {isa = PBXBuildFile; fileRef = 11A4E49E24EB3477001A08DE /* GameView.swift */; };
		11A4E4A124EB3478001A08DE /* Assets.xcassets in Resources */ = {isa = PBXBuildFile; fileRef = 11A4E4A024EB3478001A08DE /* Assets.xcassets */; };
		11A4E4A424EB3478001A08DE /* Preview Assets.xcassets in Resources */ = {isa = PBXBuildFile; fileRef = 11A4E4A324EB3478001A08DE /* Preview Assets.xcassets */; };
		11A4E4A724EB3478001A08DE /* LaunchScreen.storyboard in Resources */ = {isa = PBXBuildFile; fileRef = 11A4E4A524EB3478001A08DE /* LaunchScreen.storyboard */; };
		11A4E4B224EB3478001A08DE /* MemorizeTests.swift in Sources */ = {isa = PBXBuildFile; fileRef = 11A4E4B124EB3478001A08DE /* MemorizeTests.swift */; };
		11A4E4BD24EB3478001A08DE /* MemorizeUITests.swift in Sources */ = {isa = PBXBuildFile; fileRef = 11A4E4BC24EB3478001A08DE /* MemorizeUITests.swift */; };
		11A4E4CE24EB40F2001A08DE /* MemoryGame.swift in Sources */ = {isa = PBXBuildFile; fileRef = 11A4E4CD24EB40F1001A08DE /* MemoryGame.swift */; };
		11A4E4D024EB4E2C001A08DE /* CardView.swift in Sources */ = {isa = PBXBuildFile; fileRef = 11A4E4CF24EB4E2C001A08DE /* CardView.swift */; };
/* End PBXBuildFile section */

/* Begin PBXContainerItemProxy section */
		11A4E4AE24EB3478001A08DE /* PBXContainerItemProxy */ = {
			isa = PBXContainerItemProxy;
			containerPortal = 11A4E48F24EB3477001A08DE /* Project object */;
			proxyType = 1;
			remoteGlobalIDString = 11A4E49624EB3477001A08DE;
			remoteInfo = Memorize;
		};
		11A4E4B924EB3478001A08DE /* PBXContainerItemProxy */ = {
			isa = PBXContainerItemProxy;
			containerPortal = 11A4E48F24EB3477001A08DE /* Project object */;
			proxyType = 1;
			remoteGlobalIDString = 11A4E49624EB3477001A08DE;
			remoteInfo = Memorize;
		};
/* End PBXContainerItemProxy section */

/* Begin PBXFileReference section */
		1189BBDB24EC94B80093E14C /* EmojiMemoryGame.swift */ = {isa = PBXFileReference; lastKnownFileType = sourcecode.swift; path = EmojiMemoryGame.swift; sourceTree = "<group>"; };
		1189BBE424EC9B330093E14C /* Array+Identifiable.swift */ = {isa = PBXFileReference; fileEncoding = 4; lastKnownFileType = sourcecode.swift; path = "Array+Identifiable.swift"; sourceTree = "<group>"; };
		1189BBE624EC9F200093E14C /* Array+Only.swift */ = {isa = PBXFileReference; lastKnownFileType = sourcecode.swift; path = "Array+Only.swift"; sourceTree = "<group>"; };
		1189BBE824ECA27A0093E14C /* GridLayoutView.swift */ = {isa = PBXFileReference; lastKnownFileType = sourcecode.swift; path = GridLayoutView.swift; sourceTree = "<group>"; };
		1189BBEA24ECA2960093E14C /* GridView.swift */ = {isa = PBXFileReference; lastKnownFileType = sourcecode.swift; path = GridView.swift; sourceTree = "<group>"; };
		1189BBEC24ECA6510093E14C /* MemorizeConstants.swift */ = {isa = PBXFileReference; lastKnownFileType = sourcecode.swift; path = MemorizeConstants.swift; sourceTree = "<group>"; };
		11A4E49724EB3477001A08DE /* Memorize.app */ = {isa = PBXFileReference; explicitFileType = wrapper.application; includeInIndex = 0; path = Memorize.app; sourceTree = BUILT_PRODUCTS_DIR; };
		11A4E49A24EB3477001A08DE /* AppDelegate.swift */ = {isa = PBXFileReference; lastKnownFileType = sourcecode.swift; path = AppDelegate.swift; sourceTree = "<group>"; };
		11A4E49C24EB3477001A08DE /* SceneDelegate.swift */ = {isa = PBXFileReference; lastKnownFileType = sourcecode.swift; path = SceneDelegate.swift; sourceTree = "<group>"; };
		11A4E49E24EB3477001A08DE /* GameView.swift */ = {isa = PBXFileReference; lastKnownFileType = sourcecode.swift; path = GameView.swift; sourceTree = "<group>"; };
		11A4E4A024EB3478001A08DE /* Assets.xcassets */ = {isa = PBXFileReference; lastKnownFileType = folder.assetcatalog; path = Assets.xcassets; sourceTree = "<group>"; };
		11A4E4A324EB3478001A08DE /* Preview Assets.xcassets */ = {isa = PBXFileReference; lastKnownFileType = folder.assetcatalog; path = "Preview Assets.xcassets"; sourceTree = "<group>"; };
		11A4E4A624EB3478001A08DE /* Base */ = {isa = PBXFileReference; lastKnownFileType = file.storyboard; name = Base; path = Base.lproj/LaunchScreen.storyboard; sourceTree = "<group>"; };
		11A4E4A824EB3478001A08DE /* Info.plist */ = {isa = PBXFileReference; lastKnownFileType = text.plist.xml; path = Info.plist; sourceTree = "<group>"; };
		11A4E4AD24EB3478001A08DE /* MemorizeTests.xctest */ = {isa = PBXFileReference; explicitFileType = wrapper.cfbundle; includeInIndex = 0; path = MemorizeTests.xctest; sourceTree = BUILT_PRODUCTS_DIR; };
		11A4E4B124EB3478001A08DE /* MemorizeTests.swift */ = {isa = PBXFileReference; lastKnownFileType = sourcecode.swift; path = MemorizeTests.swift; sourceTree = "<group>"; };
		11A4E4B324EB3478001A08DE /* Info.plist */ = {isa = PBXFileReference; lastKnownFileType = text.plist.xml; path = Info.plist; sourceTree = "<group>"; };
		11A4E4B824EB3478001A08DE /* MemorizeUITests.xctest */ = {isa = PBXFileReference; explicitFileType = wrapper.cfbundle; includeInIndex = 0; path = MemorizeUITests.xctest; sourceTree = BUILT_PRODUCTS_DIR; };
		11A4E4BC24EB3478001A08DE /* MemorizeUITests.swift */ = {isa = PBXFileReference; lastKnownFileType = sourcecode.swift; path = MemorizeUITests.swift; sourceTree = "<group>"; };
		11A4E4BE24EB3478001A08DE /* Info.plist */ = {isa = PBXFileReference; lastKnownFileType = text.plist.xml; path = Info.plist; sourceTree = "<group>"; };
		11A4E4CD24EB40F1001A08DE /* MemoryGame.swift */ = {isa = PBXFileReference; lastKnownFileType = sourcecode.swift; path = MemoryGame.swift; sourceTree = "<group>"; };
		11A4E4CF24EB4E2C001A08DE /* CardView.swift */ = {isa = PBXFileReference; lastKnownFileType = sourcecode.swift; path = CardView.swift; sourceTree = "<group>"; };
/* End PBXFileReference section */

/* Begin PBXFrameworksBuildPhase section */
		11A4E49424EB3477001A08DE /* Frameworks */ = {
			isa = PBXFrameworksBuildPhase;
			buildActionMask = 2147483647;
			files = (
			);
			runOnlyForDeploymentPostprocessing = 0;
		};
		11A4E4AA24EB3478001A08DE /* Frameworks */ = {
			isa = PBXFrameworksBuildPhase;
			buildActionMask = 2147483647;
			files = (
			);
			runOnlyForDeploymentPostprocessing = 0;
		};
		11A4E4B524EB3478001A08DE /* Frameworks */ = {
			isa = PBXFrameworksBuildPhase;
			buildActionMask = 2147483647;
			files = (
			);
			runOnlyForDeploymentPostprocessing = 0;
		};
/* End PBXFrameworksBuildPhase section */

/* Begin PBXGroup section */
		1189BBE324EC9B190093E14C /* Extensions */ = {
			isa = PBXGroup;
			children = (
				1189BBE424EC9B330093E14C /* Array+Identifiable.swift */,
				1189BBE624EC9F200093E14C /* Array+Only.swift */,
			);
			path = Extensions;
			sourceTree = "<group>";
		};
		11A4E48E24EB3477001A08DE = {
			isa = PBXGroup;
			children = (
				11A4E49924EB3477001A08DE /* Memorize */,
				11A4E4B024EB3478001A08DE /* MemorizeTests */,
				11A4E4BB24EB3478001A08DE /* MemorizeUITests */,
				11A4E49824EB3477001A08DE /* Products */,
			);
			sourceTree = "<group>";
		};
		11A4E49824EB3477001A08DE /* Products */ = {
			isa = PBXGroup;
			children = (
				11A4E49724EB3477001A08DE /* Memorize.app */,
				11A4E4AD24EB3478001A08DE /* MemorizeTests.xctest */,
				11A4E4B824EB3478001A08DE /* MemorizeUITests.xctest */,
			);
			name = Products;
			sourceTree = "<group>";
		};
		11A4E49924EB3477001A08DE /* Memorize */ = {
			isa = PBXGroup;
			children = (
				1189BBE324EC9B190093E14C /* Extensions */,
				11A4E4CC24EB34DC001A08DE /* ViewModel */,
				11A4E4CB24EB34D4001A08DE /* Model */,
				11A4E4CA24EB34CE001A08DE /* View */,
				11A4E49A24EB3477001A08DE /* AppDelegate.swift */,
				1189BBEC24ECA6510093E14C /* MemorizeConstants.swift */,
				11A4E49C24EB3477001A08DE /* SceneDelegate.swift */,
				11A4E4A024EB3478001A08DE /* Assets.xcassets */,
				11A4E4A524EB3478001A08DE /* LaunchScreen.storyboard */,
				11A4E4A824EB3478001A08DE /* Info.plist */,
				11A4E4A224EB3478001A08DE /* Preview Content */,
			);
			path = Memorize;
			sourceTree = "<group>";
		};
		11A4E4A224EB3478001A08DE /* Preview Content */ = {
			isa = PBXGroup;
			children = (
				11A4E4A324EB3478001A08DE /* Preview Assets.xcassets */,
			);
			path = "Preview Content";
			sourceTree = "<group>";
		};
		11A4E4B024EB3478001A08DE /* MemorizeTests */ = {
			isa = PBXGroup;
			children = (
				11A4E4B124EB3478001A08DE /* MemorizeTests.swift */,
				11A4E4B324EB3478001A08DE /* Info.plist */,
			);
			path = MemorizeTests;
			sourceTree = "<group>";
		};
		11A4E4BB24EB3478001A08DE /* MemorizeUITests */ = {
			isa = PBXGroup;
			children = (
				11A4E4BC24EB3478001A08DE /* MemorizeUITests.swift */,
				11A4E4BE24EB3478001A08DE /* Info.plist */,
			);
			path = MemorizeUITests;
			sourceTree = "<group>";
		};
		11A4E4CA24EB34CE001A08DE /* View */ = {
			isa = PBXGroup;
			children = (
				11A4E49E24EB3477001A08DE /* GameView.swift */,
				11A4E4CF24EB4E2C001A08DE /* CardView.swift */,
				1189BBE824ECA27A0093E14C /* GridLayoutView.swift */,
				1189BBEA24ECA2960093E14C /* GridView.swift */,
			);
			path = View;
			sourceTree = "<group>";
		};
		11A4E4CB24EB34D4001A08DE /* Model */ = {
			isa = PBXGroup;
			children = (
				11A4E4CD24EB40F1001A08DE /* MemoryGame.swift */,
			);
			path = Model;
			sourceTree = "<group>";
		};
		11A4E4CC24EB34DC001A08DE /* ViewModel */ = {
			isa = PBXGroup;
			children = (
				1189BBDB24EC94B80093E14C /* EmojiMemoryGame.swift */,
			);
			path = ViewModel;
			sourceTree = "<group>";
		};
/* End PBXGroup section */

/* Begin PBXNativeTarget section */
		11A4E49624EB3477001A08DE /* Memorize */ = {
			isa = PBXNativeTarget;
			buildConfigurationList = 11A4E4C124EB3478001A08DE /* Build configuration list for PBXNativeTarget "Memorize" */;
			buildPhases = (
				11A4E49324EB3477001A08DE /* Sources */,
				11A4E49424EB3477001A08DE /* Frameworks */,
				11A4E49524EB3477001A08DE /* Resources */,
			);
			buildRules = (
			);
			dependencies = (
			);
			name = Memorize;
			productName = Memorize;
			productReference = 11A4E49724EB3477001A08DE /* Memorize.app */;
			productType = "com.apple.product-type.application";
		};
		11A4E4AC24EB3478001A08DE /* MemorizeTests */ = {
			isa = PBXNativeTarget;
			buildConfigurationList = 11A4E4C424EB3478001A08DE /* Build configuration list for PBXNativeTarget "MemorizeTests" */;
			buildPhases = (
				11A4E4A924EB3478001A08DE /* Sources */,
				11A4E4AA24EB3478001A08DE /* Frameworks */,
				11A4E4AB24EB3478001A08DE /* Resources */,
			);
			buildRules = (
			);
			dependencies = (
				11A4E4AF24EB3478001A08DE /* PBXTargetDependency */,
			);
			name = MemorizeTests;
			productName = MemorizeTests;
			productReference = 11A4E4AD24EB3478001A08DE /* MemorizeTests.xctest */;
			productType = "com.apple.product-type.bundle.unit-test";
		};
		11A4E4B724EB3478001A08DE /* MemorizeUITests */ = {
			isa = PBXNativeTarget;
			buildConfigurationList = 11A4E4C724EB3478001A08DE /* Build configuration list for PBXNativeTarget "MemorizeUITests" */;
			buildPhases = (
				11A4E4B424EB3478001A08DE /* Sources */,
				11A4E4B524EB3478001A08DE /* Frameworks */,
				11A4E4B624EB3478001A08DE /* Resources */,
			);
			buildRules = (
			);
			dependencies = (
				11A4E4BA24EB3478001A08DE /* PBXTargetDependency */,
			);
			name = MemorizeUITests;
			productName = MemorizeUITests;
			productReference = 11A4E4B824EB3478001A08DE /* MemorizeUITests.xctest */;
			productType = "com.apple.product-type.bundle.ui-testing";
		};
/* End PBXNativeTarget section */

/* Begin PBXProject section */
		11A4E48F24EB3477001A08DE /* Project object */ = {
			isa = PBXProject;
			attributes = {
				LastSwiftUpdateCheck = 1160;
				LastUpgradeCheck = 1160;
				ORGANIZATIONNAME = "Axel Collard Bovy";
				TargetAttributes = {
					11A4E49624EB3477001A08DE = {
						CreatedOnToolsVersion = 11.6;
					};
					11A4E4AC24EB3478001A08DE = {
						CreatedOnToolsVersion = 11.6;
						TestTargetID = 11A4E49624EB3477001A08DE;
					};
					11A4E4B724EB3478001A08DE = {
						CreatedOnToolsVersion = 11.6;
						TestTargetID = 11A4E49624EB3477001A08DE;
					};
				};
			};
			buildConfigurationList = 11A4E49224EB3477001A08DE /* Build configuration list for PBXProject "Memorize" */;
			compatibilityVersion = "Xcode 9.3";
			developmentRegion = en;
			hasScannedForEncodings = 0;
			knownRegions = (
				en,
				Base,
			);
			mainGroup = 11A4E48E24EB3477001A08DE;
			productRefGroup = 11A4E49824EB3477001A08DE /* Products */;
			projectDirPath = "";
			projectRoot = "";
			targets = (
				11A4E49624EB3477001A08DE /* Memorize */,
				11A4E4AC24EB3478001A08DE /* MemorizeTests */,
				11A4E4B724EB3478001A08DE /* MemorizeUITests */,
			);
		};
/* End PBXProject section */

/* Begin PBXResourcesBuildPhase section */
		11A4E49524EB3477001A08DE /* Resources */ = {
			isa = PBXResourcesBuildPhase;
			buildActionMask = 2147483647;
			files = (
				11A4E4A724EB3478001A08DE /* LaunchScreen.storyboard in Resources */,
				11A4E4A424EB3478001A08DE /* Preview Assets.xcassets in Resources */,
				11A4E4A124EB3478001A08DE /* Assets.xcassets in Resources */,
			);
			runOnlyForDeploymentPostprocessing = 0;
		};
		11A4E4AB24EB3478001A08DE /* Resources */ = {
			isa = PBXResourcesBuildPhase;
			buildActionMask = 2147483647;
			files = (
			);
			runOnlyForDeploymentPostprocessing = 0;
		};
		11A4E4B624EB3478001A08DE /* Resources */ = {
			isa = PBXResourcesBuildPhase;
			buildActionMask = 2147483647;
			files = (
			);
			runOnlyForDeploymentPostprocessing = 0;
		};
/* End PBXResourcesBuildPhase section */

/* Begin PBXSourcesBuildPhase section */
		11A4E49324EB3477001A08DE /* Sources */ = {
			isa = PBXSourcesBuildPhase;
			buildActionMask = 2147483647;
			files = (
				11A4E49B24EB3477001A08DE /* AppDelegate.swift in Sources */,
				11A4E49D24EB3477001A08DE /* SceneDelegate.swift in Sources */,
				1189BBE924ECA27A0093E14C /* GridLayoutView.swift in Sources */,
				1189BBED24ECA6510093E14C /* MemorizeConstants.swift in Sources */,
				11A4E4CE24EB40F2001A08DE /* MemoryGame.swift in Sources */,
				11A4E49F24EB3477001A08DE /* GameView.swift in Sources */,
				11A4E4D024EB4E2C001A08DE /* CardView.swift in Sources */,
				1189BBE524EC9B330093E14C /* Array+Identifiable.swift in Sources */,
				1189BBDC24EC94B80093E14C /* EmojiMemoryGame.swift in Sources */,
				1189BBEB24ECA2960093E14C /* GridView.swift in Sources */,
				1189BBE724EC9F200093E14C /* Array+Only.swift in Sources */,
			);
			runOnlyForDeploymentPostprocessing = 0;
		};
		11A4E4A924EB3478001A08DE /* Sources */ = {
			isa = PBXSourcesBuildPhase;
			buildActionMask = 2147483647;
			files = (
				11A4E4B224EB3478001A08DE /* MemorizeTests.swift in Sources */,
			);
			runOnlyForDeploymentPostprocessing = 0;
		};
		11A4E4B424EB3478001A08DE /* Sources */ = {
			isa = PBXSourcesBuildPhase;
			buildActionMask = 2147483647;
			files = (
				11A4E4BD24EB3478001A08DE /* MemorizeUITests.swift in Sources */,
			);
			runOnlyForDeploymentPostprocessing = 0;
		};
/* End PBXSourcesBuildPhase section */

/* Begin PBXTargetDependency section */
		11A4E4AF24EB3478001A08DE /* PBXTargetDependency */ = {
			isa = PBXTargetDependency;
			target = 11A4E49624EB3477001A08DE /* Memorize */;
			targetProxy = 11A4E4AE24EB3478001A08DE /* PBXContainerItemProxy */;
		};
		11A4E4BA24EB3478001A08DE /* PBXTargetDependency */ = {
			isa = PBXTargetDependency;
			target = 11A4E49624EB3477001A08DE /* Memorize */;
			targetProxy = 11A4E4B924EB3478001A08DE /* PBXContainerItemProxy */;
		};
/* End PBXTargetDependency section */

/* Begin PBXVariantGroup section */
		11A4E4A524EB3478001A08DE /* LaunchScreen.storyboard */ = {
			isa = PBXVariantGroup;
			children = (
				11A4E4A624EB3478001A08DE /* Base */,
			);
			name = LaunchScreen.storyboard;
			sourceTree = "<group>";
		};
/* End PBXVariantGroup section */

/* Begin XCBuildConfiguration section */
		11A4E4BF24EB3478001A08DE /* Debug */ = {
			isa = XCBuildConfiguration;
			buildSettings = {
				ALWAYS_SEARCH_USER_PATHS = NO;
				CLANG_ANALYZER_NONNULL = YES;
				CLANG_ANALYZER_NUMBER_OBJECT_CONVERSION = YES_AGGRESSIVE;
				CLANG_CXX_LANGUAGE_STANDARD = "gnu++14";
				CLANG_CXX_LIBRARY = "libc++";
				CLANG_ENABLE_MODULES = YES;
				CLANG_ENABLE_OBJC_ARC = YES;
				CLANG_ENABLE_OBJC_WEAK = YES;
				CLANG_WARN_BLOCK_CAPTURE_AUTORELEASING = YES;
				CLANG_WARN_BOOL_CONVERSION = YES;
				CLANG_WARN_COMMA = YES;
				CLANG_WARN_CONSTANT_CONVERSION = YES;
				CLANG_WARN_DEPRECATED_OBJC_IMPLEMENTATIONS = YES;
				CLANG_WARN_DIRECT_OBJC_ISA_USAGE = YES_ERROR;
				CLANG_WARN_DOCUMENTATION_COMMENTS = YES;
				CLANG_WARN_EMPTY_BODY = YES;
				CLANG_WARN_ENUM_CONVERSION = YES;
				CLANG_WARN_INFINITE_RECURSION = YES;
				CLANG_WARN_INT_CONVERSION = YES;
				CLANG_WARN_NON_LITERAL_NULL_CONVERSION = YES;
				CLANG_WARN_OBJC_IMPLICIT_RETAIN_SELF = YES;
				CLANG_WARN_OBJC_LITERAL_CONVERSION = YES;
				CLANG_WARN_OBJC_ROOT_CLASS = YES_ERROR;
				CLANG_WARN_RANGE_LOOP_ANALYSIS = YES;
				CLANG_WARN_STRICT_PROTOTYPES = YES;
				CLANG_WARN_SUSPICIOUS_MOVE = YES;
				CLANG_WARN_UNGUARDED_AVAILABILITY = YES_AGGRESSIVE;
				CLANG_WARN_UNREACHABLE_CODE = YES;
				CLANG_WARN__DUPLICATE_METHOD_MATCH = YES;
				COPY_PHASE_STRIP = NO;
				DEBUG_INFORMATION_FORMAT = dwarf;
				ENABLE_STRICT_OBJC_MSGSEND = YES;
				ENABLE_TESTABILITY = YES;
				GCC_C_LANGUAGE_STANDARD = gnu11;
				GCC_DYNAMIC_NO_PIC = NO;
				GCC_NO_COMMON_BLOCKS = YES;
				GCC_OPTIMIZATION_LEVEL = 0;
				GCC_PREPROCESSOR_DEFINITIONS = (
					"DEBUG=1",
					"$(inherited)",
				);
				GCC_WARN_64_TO_32_BIT_CONVERSION = YES;
				GCC_WARN_ABOUT_RETURN_TYPE = YES_ERROR;
				GCC_WARN_UNDECLARED_SELECTOR = YES;
				GCC_WARN_UNINITIALIZED_AUTOS = YES_AGGRESSIVE;
				GCC_WARN_UNUSED_FUNCTION = YES;
				GCC_WARN_UNUSED_VARIABLE = YES;
				IPHONEOS_DEPLOYMENT_TARGET = 13.6;
				MTL_ENABLE_DEBUG_INFO = INCLUDE_SOURCE;
				MTL_FAST_MATH = YES;
				ONLY_ACTIVE_ARCH = YES;
				SDKROOT = iphoneos;
				SWIFT_ACTIVE_COMPILATION_CONDITIONS = DEBUG;
				SWIFT_OPTIMIZATION_LEVEL = "-Onone";
			};
			name = Debug;
		};
		11A4E4C024EB3478001A08DE /* Release */ = {
			isa = XCBuildConfiguration;
			buildSettings = {
				ALWAYS_SEARCH_USER_PATHS = NO;
				CLANG_ANALYZER_NONNULL = YES;
				CLANG_ANALYZER_NUMBER_OBJECT_CONVERSION = YES_AGGRESSIVE;
				CLANG_CXX_LANGUAGE_STANDARD = "gnu++14";
				CLANG_CXX_LIBRARY = "libc++";
				CLANG_ENABLE_MODULES = YES;
				CLANG_ENABLE_OBJC_ARC = YES;
				CLANG_ENABLE_OBJC_WEAK = YES;
				CLANG_WARN_BLOCK_CAPTURE_AUTORELEASING = YES;
				CLANG_WARN_BOOL_CONVERSION = YES;
				CLANG_WARN_COMMA = YES;
				CLANG_WARN_CONSTANT_CONVERSION = YES;
				CLANG_WARN_DEPRECATED_OBJC_IMPLEMENTATIONS = YES;
				CLANG_WARN_DIRECT_OBJC_ISA_USAGE = YES_ERROR;
				CLANG_WARN_DOCUMENTATION_COMMENTS = YES;
				CLANG_WARN_EMPTY_BODY = YES;
				CLANG_WARN_ENUM_CONVERSION = YES;
				CLANG_WARN_INFINITE_RECURSION = YES;
				CLANG_WARN_INT_CONVERSION = YES;
				CLANG_WARN_NON_LITERAL_NULL_CONVERSION = YES;
				CLANG_WARN_OBJC_IMPLICIT_RETAIN_SELF = YES;
				CLANG_WARN_OBJC_LITERAL_CONVERSION = YES;
				CLANG_WARN_OBJC_ROOT_CLASS = YES_ERROR;
				CLANG_WARN_RANGE_LOOP_ANALYSIS = YES;
				CLANG_WARN_STRICT_PROTOTYPES = YES;
				CLANG_WARN_SUSPICIOUS_MOVE = YES;
				CLANG_WARN_UNGUARDED_AVAILABILITY = YES_AGGRESSIVE;
				CLANG_WARN_UNREACHABLE_CODE = YES;
				CLANG_WARN__DUPLICATE_METHOD_MATCH = YES;
				COPY_PHASE_STRIP = NO;
				DEBUG_INFORMATION_FORMAT = "dwarf-with-dsym";
				ENABLE_NS_ASSERTIONS = NO;
				ENABLE_STRICT_OBJC_MSGSEND = YES;
				GCC_C_LANGUAGE_STANDARD = gnu11;
				GCC_NO_COMMON_BLOCKS = YES;
				GCC_WARN_64_TO_32_BIT_CONVERSION = YES;
				GCC_WARN_ABOUT_RETURN_TYPE = YES_ERROR;
				GCC_WARN_UNDECLARED_SELECTOR = YES;
				GCC_WARN_UNINITIALIZED_AUTOS = YES_AGGRESSIVE;
				GCC_WARN_UNUSED_FUNCTION = YES;
				GCC_WARN_UNUSED_VARIABLE = YES;
				IPHONEOS_DEPLOYMENT_TARGET = 13.6;
				MTL_ENABLE_DEBUG_INFO = NO;
				MTL_FAST_MATH = YES;
				SDKROOT = iphoneos;
				SWIFT_COMPILATION_MODE = wholemodule;
				SWIFT_OPTIMIZATION_LEVEL = "-O";
				VALIDATE_PRODUCT = YES;
			};
			name = Release;
		};
		11A4E4C224EB3478001A08DE /* Debug */ = {
			isa = XCBuildConfiguration;
			buildSettings = {
				ASSETCATALOG_COMPILER_APPICON_NAME = AppIcon;
				CODE_SIGN_STYLE = Automatic;
				DEVELOPMENT_ASSET_PATHS = "\"Memorize/Preview Content\"";
				DEVELOPMENT_TEAM = G27V65K8EK;
				ENABLE_PREVIEWS = YES;
				INFOPLIST_FILE = Memorize/Info.plist;
				LD_RUNPATH_SEARCH_PATHS = (
					"$(inherited)",
					"@executable_path/Frameworks",
				);
				PRODUCT_BUNDLE_IDENTIFIER = ar.com.kairos.cs193p2020.Memorize;
				PRODUCT_NAME = "$(TARGET_NAME)";
				SWIFT_VERSION = 5.0;
				TARGETED_DEVICE_FAMILY = "1,2";
			};
			name = Debug;
		};
		11A4E4C324EB3478001A08DE /* Release */ = {
			isa = XCBuildConfiguration;
			buildSettings = {
				ASSETCATALOG_COMPILER_APPICON_NAME = AppIcon;
				CODE_SIGN_STYLE = Automatic;
				DEVELOPMENT_ASSET_PATHS = "\"Memorize/Preview Content\"";
				DEVELOPMENT_TEAM = G27V65K8EK;
				ENABLE_PREVIEWS = YES;
				INFOPLIST_FILE = Memorize/Info.plist;
				LD_RUNPATH_SEARCH_PATHS = (
					"$(inherited)",
					"@executable_path/Frameworks",
				);
				PRODUCT_BUNDLE_IDENTIFIER = ar.com.kairos.cs193p2020.Memorize;
				PRODUCT_NAME = "$(TARGET_NAME)";
				SWIFT_VERSION = 5.0;
				TARGETED_DEVICE_FAMILY = "1,2";
			};
			name = Release;
		};
		11A4E4C524EB3478001A08DE /* Debug */ = {
			isa = XCBuildConfiguration;
			buildSettings = {
				ALWAYS_EMBED_SWIFT_STANDARD_LIBRARIES = YES;
				BUNDLE_LOADER = "$(TEST_HOST)";
				CODE_SIGN_STYLE = Automatic;
				DEVELOPMENT_TEAM = G27V65K8EK;
				INFOPLIST_FILE = MemorizeTests/Info.plist;
				IPHONEOS_DEPLOYMENT_TARGET = 13.6;
				LD_RUNPATH_SEARCH_PATHS = (
					"$(inherited)",
					"@executable_path/Frameworks",
					"@loader_path/Frameworks",
				);
				PRODUCT_BUNDLE_IDENTIFIER = ar.com.kairos.cs193p2020.MemorizeTests;
				PRODUCT_NAME = "$(TARGET_NAME)";
				SWIFT_VERSION = 5.0;
				TARGETED_DEVICE_FAMILY = "1,2";
				TEST_HOST = "$(BUILT_PRODUCTS_DIR)/Memorize.app/Memorize";
			};
			name = Debug;
		};
		11A4E4C624EB3478001A08DE /* Release */ = {
			isa = XCBuildConfiguration;
			buildSettings = {
				ALWAYS_EMBED_SWIFT_STANDARD_LIBRARIES = YES;
				BUNDLE_LOADER = "$(TEST_HOST)";
				CODE_SIGN_STYLE = Automatic;
				DEVELOPMENT_TEAM = G27V65K8EK;
				INFOPLIST_FILE = MemorizeTests/Info.plist;
				IPHONEOS_DEPLOYMENT_TARGET = 13.6;
				LD_RUNPATH_SEARCH_PATHS = (
					"$(inherited)",
					"@executable_path/Frameworks",
					"@loader_path/Frameworks",
				);
				PRODUCT_BUNDLE_IDENTIFIER = ar.com.kairos.cs193p2020.MemorizeTests;
				PRODUCT_NAME = "$(TARGET_NAME)";
				SWIFT_VERSION = 5.0;
				TARGETED_DEVICE_FAMILY = "1,2";
				TEST_HOST = "$(BUILT_PRODUCTS_DIR)/Memorize.app/Memorize";
			};
			name = Release;
		};
		11A4E4C824EB3478001A08DE /* Debug */ = {
			isa = XCBuildConfiguration;
			buildSettings = {
				ALWAYS_EMBED_SWIFT_STANDARD_LIBRARIES = YES;
				CODE_SIGN_STYLE = Automatic;
				DEVELOPMENT_TEAM = G27V65K8EK;
				INFOPLIST_FILE = MemorizeUITests/Info.plist;
				LD_RUNPATH_SEARCH_PATHS = (
					"$(inherited)",
					"@executable_path/Frameworks",
					"@loader_path/Frameworks",
				);
				PRODUCT_BUNDLE_IDENTIFIER = ar.com.kairos.cs193p2020.MemorizeUITests;
				PRODUCT_NAME = "$(TARGET_NAME)";
				SWIFT_VERSION = 5.0;
				TARGETED_DEVICE_FAMILY = "1,2";
				TEST_TARGET_NAME = Memorize;
			};
			name = Debug;
		};
		11A4E4C924EB3478001A08DE /* Release */ = {
			isa = XCBuildConfiguration;
			buildSettings = {
				ALWAYS_EMBED_SWIFT_STANDARD_LIBRARIES = YES;
				CODE_SIGN_STYLE = Automatic;
				DEVELOPMENT_TEAM = G27V65K8EK;
				INFOPLIST_FILE = MemorizeUITests/Info.plist;
				LD_RUNPATH_SEARCH_PATHS = (
					"$(inherited)",
					"@executable_path/Frameworks",
					"@loader_path/Frameworks",
				);
				PRODUCT_BUNDLE_IDENTIFIER = ar.com.kairos.cs193p2020.MemorizeUITests;
				PRODUCT_NAME = "$(TARGET_NAME)";
				SWIFT_VERSION = 5.0;
				TARGETED_DEVICE_FAMILY = "1,2";
				TEST_TARGET_NAME = Memorize;
			};
			name = Release;
		};
/* End XCBuildConfiguration section */

/* Begin XCConfigurationList section */
		11A4E49224EB3477001A08DE /* Build configuration list for PBXProject "Memorize" */ = {
			isa = XCConfigurationList;
			buildConfigurations = (
				11A4E4BF24EB3478001A08DE /* Debug */,
				11A4E4C024EB3478001A08DE /* Release */,
			);
			defaultConfigurationIsVisible = 0;
			defaultConfigurationName = Release;
		};
		11A4E4C124EB3478001A08DE /* Build configuration list for PBXNativeTarget "Memorize" */ = {
			isa = XCConfigurationList;
			buildConfigurations = (
				11A4E4C224EB3478001A08DE /* Debug */,
				11A4E4C324EB3478001A08DE /* Release */,
			);
			defaultConfigurationIsVisible = 0;
			defaultConfigurationName = Release;
		};
		11A4E4C424EB3478001A08DE /* Build configuration list for PBXNativeTarget "MemorizeTests" */ = {
			isa = XCConfigurationList;
			buildConfigurations = (
				11A4E4C524EB3478001A08DE /* Debug */,
				11A4E4C624EB3478001A08DE /* Release */,
			);
			defaultConfigurationIsVisible = 0;
			defaultConfigurationName = Release;
		};
		11A4E4C724EB3478001A08DE /* Build configuration list for PBXNativeTarget "MemorizeUITests" */ = {
			isa = XCConfigurationList;
			buildConfigurations = (
				11A4E4C824EB3478001A08DE /* Debug */,
				11A4E4C924EB3478001A08DE /* Release */,
			);
			defaultConfigurationIsVisible = 0;
			defaultConfigurationName = Release;
		};
/* End XCConfigurationList section */
	};
	rootObject = 11A4E48F24EB3477001A08DE /* Project object */;
}
